dependencies:
- name: frontend
  repository: file://./charts/frontend
  version: 0.1.0
- name: backend
  repository: file://./charts/backend
  version: 0.1.0
- name: postgresql
  repository: https://charts.bitnami.com/bitnami
  version: 15.5.0
digest: sha256:2967ac085405538d69979b35e649cfebb5703f7a082f5a0fff679c07e6d56e3c
generated: "2026-04-16T12:15:35.8755095+06:00"
